# @generated - this file is auto-generated by `mise lock` https://mise.en.dev/dev-tools/mise-lock.html

[[tools.pre-commit]]
version = "4.6.0"
backend = "aqua:pre-commit/pre-commit"

[tools.pre-commit."platforms.linux-x64"]
checksum = "sha256:ea8a0c84902e48c1875558f2f362ed8476773aa5fc8c16c5d8f2acc2a2830a65"
url = "https://github.com/pre-commit/pre-commit/releases/download/v4.6.0/pre-commit-4.6.0.pyz"

[tools.pre-commit."platforms.macos-arm64"]
checksum = "sha256:ea8a0c84902e48c1875558f2f362ed8476773aa5fc8c16c5d8f2acc2a2830a65"
url = "https://github.com/pre-commit/pre-commit/releases/download/v4.6.0/pre-commit-4.6.0.pyz"

[[tools.terraform]]
version = "1.5.7"
backend = "aqua:hashicorp/terraform"

[tools.terraform."platforms.linux-x64"]
checksum = "sha256:c0ed7bc32ee52ae255af9982c8c88a7a4c610485cf1d55feeb037eab75fa082c"
url = "https://releases.hashicorp.com/terraform/1.5.7/terraform_1.5.7_linux_amd64.zip"

[tools.terraform."platforms.macos-arm64"]
checksum = "sha256:db7c33eb1a446b73a443e2c55b532845f7b70cd56100bec4c96f15cfab5f50cb"
url = "https://releases.hashicorp.com/terraform/1.5.7/terraform_1.5.7_darwin_arm64.zip"

[[tools.terraform-docs]]
version = "0.24.0"
backend = "aqua:terraform-docs/terraform-docs"

[tools.terraform-docs."platforms.linux-x64"]
checksum = "sha256:9005daf969de0b50134493a2c00078b49f5f5b39d021cda7c89bf4d4f3d776d3"
url = "https://github.com/terraform-docs/terraform-docs/releases/download/v0.24.0/terraform-docs-v0.24.0-linux-amd64.tar.gz"

[tools.terraform-docs."platforms.macos-arm64"]
checksum = "sha256:f6b114f4b032f3f9202ab6c23bfd28c3c8e68aeeb8a8f12fc118bf2073081d71"
url = "https://github.com/terraform-docs/terraform-docs/releases/download/v0.24.0/terraform-docs-v0.24.0-darwin-arm64.tar.gz"

[[tools.tflint]]
version = "0.62.1"
backend = "aqua:terraform-linters/tflint"

[tools.tflint."platforms.linux-x64"]
checksum = "sha256:c004ec45ade3caf87cd4089feb1d2af9f7df57b13140a36df8a63c0a8cc69f14"
url = "https://github.com/terraform-linters/tflint/releases/download/v0.62.1/tflint_linux_amd64.zip"

[tools.tflint."platforms.macos-arm64"]
checksum = "sha256:927866fef68382138b8fed038721a03c0928ce9486e1616b18bd3dd11e7cdacb"
url = "https://github.com/terraform-linters/tflint/releases/download/v0.62.1/tflint_darwin_arm64.zip"
